
Microsoft Visual Studio Solution File, Format Version 12.00
# Visual Studio 2012
Project("{FAE04EC0-301F-11D3-BF4B-00C04F79EFBC}") = "MD5ContextMenu", "MD5ContextMenu\MD5ContextMenu.csproj", "{BDF15A4D-D3F2-41BF-BAE7-081795833BCE}"
EndProject
Global
	GlobalSection(SolutionConfigurationPlatforms) = preSolution
		Debug|Any CPU = Debug|Any CPU
		Debug|x64 = Debug|x64
		Release|Any CPU = Release|Any CPU
		Release|x64 = Release|x64
	EndGlobalSection
	GlobalSection(ProjectConfigurationPlatforms) = postSolution
		{BDF15A4D-D3F2-41BF-BAE7-081795833BCE}.Debug|Any CPU.ActiveCfg = Debug|Any CPU
		{BDF15A4D-D3F2-41BF-BAE7-081795833BCE}.Debug|Any CPU.Build.0 = Debug|Any CPU
		{BDF15A4D-D3F2-41BF-BAE7-081795833BCE}.Debug|x64.ActiveCfg = Debug|Any CPU
		{BDF15A4D-D3F2-41BF-BAE7-081795833BCE}.Release|Any CPU.ActiveCfg = Release|Any CPU
		{BDF15A4D-D3F2-41BF-BAE7-081795833BCE}.Release|Any CPU.Build.0 = Release|Any CPU
		{BDF15A4D-D3F2-41BF-BAE7-081795833BCE}.Release|x64.ActiveCfg = Release|Any CPU
	EndGlobalSection
	GlobalSection(SolutionProperties) = preSolution
		HideSolutionNode = FALSE
	EndGlobalSection
EndGlobal
